// !$*UTF8*$!
{
	archiveVersion = 1;
	classes = {
	};
	objectVersion = 50;
	objects = {

/* Begin PBXBuildFile section */
		8B657C9C2124EE7600CD156A /* AppDelegate.swift in Sources */ = {isa = PBXBuildFile; fileRef = 8B657C9B2124EE7600CD156A /* AppDelegate.swift */; };
		8B657C9E2124EE7600CD156A /* ViewController.swift in Sources */ = {isa = PBXBuildFile; fileRef = 8B657C9D2124EE7600CD156A /* ViewController.swift */; };
		8B657CA12124EE7600CD156A /* Main.storyboard in Resources */ = {isa = PBXBuildFile; fileRef = 8B657C9F2124EE7600CD156A /* Main.storyboard */; };
		8B657CA32124EE7700CD156A /* Assets.xcassets in Resources */ = {isa = PBXBuildFile; fileRef = 8B657CA22124EE7700CD156A /* Assets.xcassets */; };
		8B657CA62124EE7700CD156A /* LaunchScreen.storyboard in Resources */ = {isa = PBXBuildFile; fileRef = 8B657CA42124EE7700CD156A /* LaunchScreen.storyboard */; };
		8B657CB12124EE7700CD156A /* CalculatorTests.swift in Sources */ = {isa = PBXBuildFile; fileRef = 8B657CB02124EE7700CD156A /* CalculatorTests.swift */; };
		8B657CBC2124EE7700CD156A /* CalculatorUITests.swift in Sources */ = {isa = PBXBuildFile; fileRef = 8B657CBB2124EE7700CD156A /* CalculatorUITests.swift */; };
/* End PBXBuildFile section */

/* Begin PBXContainerItemProxy section */
		8B657CAD2124EE7700CD156A /* PBXContainerItemProxy */ = {
			isa = PBXContainerItemProxy;
			containerPortal = 8B657C902124EE7600CD156A /* Project object */;
			proxyType = 1;
			remoteGlobalIDString = 8B657C972124EE7600CD156A;
			remoteInfo = Calculator;
		};
		8B657CB82124EE7700CD156A /* PBXContainerItemProxy */ = {
			isa = PBXContainerItemProxy;
			containerPortal = 8B657C902124EE7600CD156A /* Project object */;
			proxyType = 1;
			remoteGlobalIDString = 8B657C972124EE7600CD156A;
			remoteInfo = Calculator;
		};
/* End PBXContainerItemProxy section */

/* Begin PBXFileReference section */
		8B657C982124EE7600CD156A /* Calculator.app */ = {isa = PBXFileReference; explicitFileType = wrapper.application; includeInIndex = 0; path = Calculator.app; sourceTree = BUILT_PRODUCTS_DIR; };
		8B657C9B2124EE7600CD156A /* AppDelegate.swift */ = {isa = PBXFileReference; lastKnownFileType = sourcecode.swift; path = AppDelegate.swift; sourceTree = "<group>"; };
		8B657C9D2124EE7600CD156A /* ViewController.swift */ = {isa = PBXFileReference; lastKnownFileType = sourcecode.swift; path = ViewController.swift; sourceTree = "<group>"; };
		8B657CA02124EE7600CD156A /* Base */ = {isa = PBXFileReference; lastKnownFileType = file.storyboard; name = Base; path = Base.lproj/Main.storyboard; sourceTree = "<group>"; };
		8B657CA22124EE7700CD156A /* Assets.xcassets */ = {isa = PBXFileReference; lastKnownFileType = folder.assetcatalog; path = Assets.xcassets; sourceTree = "<group>"; };
		8B657CA52124EE7700CD156A /* Base */ = {isa = PBXFileReference; lastKnownFileType = file.storyboard; name = Base; path = Base.lproj/LaunchScreen.storyboard; sourceTree = "<group>"; };
		8B657CA72124EE7700CD156A /* Info.plist */ = {isa = PBXFileReference; lastKnownFileType = text.plist.xml; path = Info.plist; sourceTree = "<group>"; };
		8B657CAC2124EE7700CD156A /* CalculatorTests.xctest */ = {isa = PBXFileReference; explicitFileType = wrapper.cfbundle; includeInIndex = 0; path = CalculatorTests.xctest; sourceTree = BUILT_PRODUCTS_DIR; };
		8B657CB02124EE7700CD156A /* CalculatorTests.swift */ = {isa = PBXFileReference; lastKnownFileType = sourcecode.swift; path = CalculatorTests.swift; sourceTree = "<group>"; };
		8B657CB22124EE7700CD156A /* Info.plist */ = {isa = PBXFileReference; lastKnownFileType = text.plist.xml; path = Info.plist; sourceTree = "<group>"; };
		8B657CB72124EE7700CD156A /* CalculatorUITests.xctest */ = {isa = PBXFileReference; explicitFileType = wrapper.cfbundle; includeInIndex = 0; path = CalculatorUITests.xctest; sourceTree = BUILT_PRODUCTS_DIR; };
		8B657CBB2124EE7700CD156A /* CalculatorUITests.swift */ = {isa = PBXFileReference; lastKnownFileType = sourcecode.swift; path = CalculatorUITests.swift; sourceTree = "<group>"; };
		8B657CBD2124EE7700CD156A /* Info.plist */ = {isa = PBXFileReference; lastKnownFileType = text.plist.xml; path = Info.plist; sourceTree = "<group>"; };
/* End PBXFileReference section */

/* Begin PBXFrameworksBuildPhase section */
		8B657C952124EE7600CD156A /* Frameworks */ = {
			isa = PBXFrameworksBuildPhase;
			buildActionMask = 2147483647;
			files = (
			);
			runOnlyForDeploymentPostprocessing = 0;
		};
		8B657CA92124EE7700CD156A /* Frameworks */ = {
			isa = PBXFrameworksBuildPhase;
			buildActionMask = 2147483647;
			files = (
			);
			runOnlyForDeploymentPostprocessing = 0;
		};
		8B657CB42124EE7700CD156A /* Frameworks */ = {
			isa = PBXFrameworksBuildPhase;
			buildActionMask = 2147483647;
			files = (
			);
			runOnlyForDeploymentPostprocessing = 0;
		};
/* End PBXFrameworksBuildPhase section */

/* Begin PBXGroup section */
		8B657C8F2124EE7600CD156A = {
			isa = PBXGroup;
			children = (
				8B657C9A2124EE7600CD156A /* Calculator */,
				8B657CAF2124EE7700CD156A /* CalculatorTests */,
				8B657CBA2124EE7700CD156A /* CalculatorUITests */,
				8B657C992124EE7600CD156A /* Products */,
			);
			sourceTree = "<group>";
		};
		8B657C992124EE7600CD156A /* Products */ = {
			isa = PBXGroup;
			children = (
				8B657C982124EE7600CD156A /* Calculator.app */,
				8B657CAC2124EE7700CD156A /* CalculatorTests.xctest */,
				8B657CB72124EE7700CD156A /* CalculatorUITests.xctest */,
			);
			name = Products;
			sourceTree = "<group>";
		};
		8B657C9A2124EE7600CD156A /* Calculator */ = {
			isa = PBXGroup;
			children = (
				8B657C9B2124EE7600CD156A /* AppDelegate.swift */,
				8B657C9D2124EE7600CD156A /* ViewController.swift */,
				8B657C9F2124EE7600CD156A /* Main.storyboard */,
				8B657CA22124EE7700CD156A /* Assets.xcassets */,
				8B657CA42124EE7700CD156A /* LaunchScreen.storyboard */,
				8B657CA72124EE7700CD156A /* Info.plist */,
			);
			path = Calculator;
			sourceTree = "<group>";
		};
		8B657CAF2124EE7700CD156A /* CalculatorTests */ = {
			isa = PBXGroup;
			children = (
				8B657CB02124EE7700CD156A /* CalculatorTests.swift */,
				8B657CB22124EE7700CD156A /* Info.plist */,
			);
			path = CalculatorTests;
			sourceTree = "<group>";
		};
		8B657CBA2124EE7700CD156A /* CalculatorUITests */ = {
			isa = PBXGroup;
			children = (
				8B657CBB2124EE7700CD156A /* CalculatorUITests.swift */,
				8B657CBD2124EE7700CD156A /* Info.plist */,
			);
			path = CalculatorUITests;
			sourceTree = "<group>";
		};
/* End PBXGroup section */

/* Begin PBXNativeTarget section */
		8B657C972124EE7600CD156A /* Calculator */ = {
			isa = PBXNativeTarget;
			buildConfigurationList = 8B657CC02124EE7700CD156A /* Build configuration list for PBXNativeTarget "Calculator" */;
			buildPhases = (
				8B657C942124EE7600CD156A /* Sources */,
				8B657C952124EE7600CD156A /* Frameworks */,
				8B657C962124EE7600CD156A /* Resources */,
			);
			buildRules = (
			);
			dependencies = (
			);
			name = Calculator;
			productName = Calculator;
			productReference = 8B657C982124EE7600CD156A /* Calculator.app */;
			productType = "com.apple.product-type.application";
		};
		8B657CAB2124EE7700CD156A /* CalculatorTests */ = {
			isa = PBXNativeTarget;
			buildConfigurationList = 8B657CC32124EE7700CD156A /* Build configuration list for PBXNativeTarget "CalculatorTests" */;
			buildPhases = (
				8B657CA82124EE7700CD156A /* Sources */,
				8B657CA92124EE7700CD156A /* Frameworks */,
				8B657CAA2124EE7700CD156A /* Resources */,
			);
			buildRules = (
			);
			dependencies = (
				8B657CAE2124EE7700CD156A /* PBXTargetDependency */,
			);
			name = CalculatorTests;
			productName = CalculatorTests;
			productReference = 8B657CAC2124EE7700CD156A /* CalculatorTests.xctest */;
			productType = "com.apple.product-type.bundle.unit-test";
		};
		8B657CB62124EE7700CD156A /* CalculatorUITests */ = {
			isa = PBXNativeTarget;
			buildConfigurationList = 8B657CC62124EE7700CD156A /* Build configuration list for PBXNativeTarget "CalculatorUITests" */;
			buildPhases = (
				8B657CB32124EE7700CD156A /* Sources */,
				8B657CB42124EE7700CD156A /* Frameworks */,
				8B657CB52124EE7700CD156A /* Resources */,
			);
			buildRules = (
			);
			dependencies = (
				8B657CB92124EE7700CD156A /* PBXTargetDependency */,
			);
			name = CalculatorUITests;
			productName = CalculatorUITests;
			productReference = 8B657CB72124EE7700CD156A /* CalculatorUITests.xctest */;
			productType = "com.apple.product-type.bundle.ui-testing";
		};
/* End PBXNativeTarget section */

/* Begin PBXProject section */
		8B657C902124EE7600CD156A /* Project object */ = {
			isa = PBXProject;
			attributes = {
				LastSwiftUpdateCheck = 0940;
				LastUpgradeCheck = 0940;
				ORGANIZATIONNAME = Clipapp;
				TargetAttributes = {
					8B657C972124EE7600CD156A = {
						CreatedOnToolsVersion = 9.4.1;
					};
					8B657CAB2124EE7700CD156A = {
						CreatedOnToolsVersion = 9.4.1;
						TestTargetID = 8B657C972124EE7600CD156A;
					};
					8B657CB62124EE7700CD156A = {
						CreatedOnToolsVersion = 9.4.1;
						TestTargetID = 8B657C972124EE7600CD156A;
					};
				};
			};
			buildConfigurationList = 8B657C932124EE7600CD156A /* Build configuration list for PBXProject "Calculator" */;
			compatibilityVersion = "Xcode 9.3";
			developmentRegion = en;
			hasScannedForEncodings = 0;
			knownRegions = (
				en,
				Base,
			);
			mainGroup = 8B657C8F2124EE7600CD156A;
			productRefGroup = 8B657C992124EE7600CD156A /* Products */;
			projectDirPath = "";
			projectRoot = "";
			targets = (
				8B657C972124EE7600CD156A /* Calculator */,
				8B657CAB2124EE7700CD156A /* CalculatorTests */,
				8B657CB62124EE7700CD156A /* CalculatorUITests */,
			);
		};
/* End PBXProject section */

/* Begin PBXResourcesBuildPhase section */
		8B657C962124EE7600CD156A /* Resources */ = {
			isa = PBXResourcesBuildPhase;
			buildActionMask = 2147483647;
			files = (
				8B657CA62124EE7700CD156A /* LaunchScreen.storyboard in Resources */,
				8B657CA32124EE7700CD156A /* Assets.xcassets in Resources */,
				8B657CA12124EE7600CD156A /* Main.storyboard in Resources */,
			);
			runOnlyForDeploymentPostprocessing = 0;
		};
		8B657CAA2124EE7700CD156A /* Resources */ = {
			isa = PBXResourcesBuildPhase;
			buildActionMask = 2147483647;
			files = (
			);
			runOnlyForDeploymentPostprocessing = 0;
		};
		8B657CB52124EE7700CD156A /* Resources */ = {
			isa = PBXResourcesBuildPhase;
			buildActionMask = 2147483647;
			files = (
			);
			runOnlyForDeploymentPostprocessing = 0;
		};
/* End PBXResourcesBuildPhase section */

/* Begin PBXSourcesBuildPhase section */
		8B657C942124EE7600CD156A /* Sources */ = {
			isa = PBXSourcesBuildPhase;
			buildActionMask = 2147483647;
			files = (
				8B657C9E2124EE7600CD156A /* ViewController.swift in Sources */,
				8B657C9C2124EE7600CD156A /* AppDelegate.swift in Sources */,
			);
			runOnlyForDeploymentPostprocessing = 0;
		};
		8B657CA82124EE7700CD156A /* Sources */ = {
			isa = PBXSourcesBuildPhase;
			buildActionMask = 2147483647;
			files = (
				8B657CB12124EE7700CD156A /* CalculatorTests.swift in Sources */,
			);
			runOnlyForDeploymentPostprocessing = 0;
		};
		8B657CB32124EE7700CD156A /* Sources */ = {
			isa = PBXSourcesBuildPhase;
			buildActionMask = 2147483647;
			files = (
				8B657CBC2124EE7700CD156A /* CalculatorUITests.swift in Sources */,
			);
			runOnlyForDeploymentPostprocessing = 0;
		};
/* End PBXSourcesBuildPhase section */

/* Begin PBXTargetDependency section */
		8B657CAE2124EE7700CD156A /* PBXTargetDependency */ = {
			isa = PBXTargetDependency;
			target = 8B657C972124EE7600CD156A /* Calculator */;
			targetProxy = 8B657CAD2124EE7700CD156A /* PBXContainerItemProxy */;
		};
		8B657CB92124EE7700CD156A /* PBXTargetDependency */ = {
			isa = PBXTargetDependency;
			target = 8B657C972124EE7600CD156A /* Calculator */;
			targetProxy = 8B657CB82124EE7700CD156A /* PBXContainerItemProxy */;
		};
/* End PBXTargetDependency section */

/* Begin PBXVariantGroup section */
		8B657C9F2124EE7600CD156A /* Main.storyboard */ = {
			isa = PBXVariantGroup;
			children = (
				8B657CA02124EE7600CD156A /* Base */,
			);
			name = Main.storyboard;
			sourceTree = "<group>";
		};
		8B657CA42124EE7700CD156A /* LaunchScreen.storyboard */ = {
			isa = PBXVariantGroup;
			children = (
				8B657CA52124EE7700CD156A /* Base */,
			);
			name = LaunchScreen.storyboard;
			sourceTree = "<group>";
		};
/* End PBXVariantGroup section */

/* Begin XCBuildConfiguration section */
		8B657CBE2124EE7700CD156A /* Debug */ = {
			isa = XCBuildConfiguration;
			buildSettings = {
				ALWAYS_SEARCH_USER_PATHS = NO;
				CLANG_ANALYZER_NONNULL = YES;
				CLANG_ANALYZER_NUMBER_OBJECT_CONVERSION = YES_AGGRESSIVE;
				CLANG_CXX_LANGUAGE_STANDARD = "gnu++14";
				CLANG_CXX_LIBRARY = "libc++";
				CLANG_ENABLE_MODULES = YES;
				CLANG_ENABLE_OBJC_ARC = YES;
				CLANG_ENABLE_OBJC_WEAK = YES;
				CLANG_WARN_BLOCK_CAPTURE_AUTORELEASING = YES;
				CLANG_WARN_BOOL_CONVERSION = YES;
				CLANG_WARN_COMMA = YES;
				CLANG_WARN_CONSTANT_CONVERSION = YES;
				CLANG_WARN_DEPRECATED_OBJC_IMPLEMENTATIONS = YES;
				CLANG_WARN_DIRECT_OBJC_ISA_USAGE = YES_ERROR;
				CLANG_WARN_DOCUMENTATION_COMMENTS = YES;
				CLANG_WARN_EMPTY_BODY = YES;
				CLANG_WARN_ENUM_CONVERSION = YES;
				CLANG_WARN_INFINITE_RECURSION = YES;
				CLANG_WARN_INT_CONVERSION = YES;
				CLANG_WARN_NON_LITERAL_NULL_CONVERSION = YES;
				CLANG_WARN_OBJC_IMPLICIT_RETAIN_SELF = YES;
				CLANG_WARN_OBJC_LITERAL_CONVERSION = YES;
				CLANG_WARN_OBJC_ROOT_CLASS = YES_ERROR;
				CLANG_WARN_RANGE_LOOP_ANALYSIS = YES;
				CLANG_WARN_STRICT_PROTOTYPES = YES;
				CLANG_WARN_SUSPICIOUS_MOVE = YES;
				CLANG_WARN_UNGUARDED_AVAILABILITY = YES_AGGRESSIVE;
				CLANG_WARN_UNREACHABLE_CODE = YES;
				CLANG_WARN__DUPLICATE_METHOD_MATCH = YES;
				CODE_SIGN_IDENTITY = "iPhone Developer";
				COPY_PHASE_STRIP = NO;
				DEBUG_INFORMATION_FORMAT = dwarf;
				ENABLE_STRICT_OBJC_MSGSEND = YES;
				ENABLE_TESTABILITY = YES;
				GCC_C_LANGUAGE_STANDARD = gnu11;
				GCC_DYNAMIC_NO_PIC = NO;
				GCC_NO_COMMON_BLOCKS = YES;
				GCC_OPTIMIZATION_LEVEL = 0;
				GCC_PREPROCESSOR_DEFINITIONS = (
					"DEBUG=1",
					"$(inherited)",
				);
				GCC_WARN_64_TO_32_BIT_CONVERSION = YES;
				GCC_WARN_ABOUT_RETURN_TYPE = YES_ERROR;
				GCC_WARN_UNDECLARED_SELECTOR = YES;
				GCC_WARN_UNINITIALIZED_AUTOS = YES_AGGRESSIVE;
				GCC_WARN_UNUSED_FUNCTION = YES;
				GCC_WARN_UNUSED_VARIABLE = YES;
				IPHONEOS_DEPLOYMENT_TARGET = 11.4;
				MTL_ENABLE_DEBUG_INFO = YES;
				ONLY_ACTIVE_ARCH = YES;
				SDKROOT = iphoneos;
				SWIFT_ACTIVE_COMPILATION_CONDITIONS = DEBUG;
				SWIFT_OPTIMIZATION_LEVEL = "-Onone";
			};
			name = Debug;
		};
		8B657CBF2124EE7700CD156A /* Release */ = {
			isa = XCBuildConfiguration;
			buildSettings = {
				ALWAYS_SEARCH_USER_PATHS = NO;
				CLANG_ANALYZER_NONNULL = YES;
				CLANG_ANALYZER_NUMBER_OBJECT_CONVERSION = YES_AGGRESSIVE;
				CLANG_CXX_LANGUAGE_STANDARD = "gnu++14";
				CLANG_CXX_LIBRARY = "libc++";
				CLANG_ENABLE_MODULES = YES;
				CLANG_ENABLE_OBJC_ARC = YES;
				CLANG_ENABLE_OBJC_WEAK = YES;
				CLANG_WARN_BLOCK_CAPTURE_AUTORELEASING = YES;
				CLANG_WARN_BOOL_CONVERSION = YES;
				CLANG_WARN_COMMA = YES;
				CLANG_WARN_CONSTANT_CONVERSION = YES;
				CLANG_WARN_DEPRECATED_OBJC_IMPLEMENTATIONS = YES;
				CLANG_WARN_DIRECT_OBJC_ISA_USAGE = YES_ERROR;
				CLANG_WARN_DOCUMENTATION_COMMENTS = YES;
				CLANG_WARN_EMPTY_BODY = YES;
				CLANG_WARN_ENUM_CONVERSION = YES;
				CLANG_WARN_INFINITE_RECURSION = YES;
				CLANG_WARN_INT_CONVERSION = YES;
				CLANG_WARN_NON_LITERAL_NULL_CONVERSION = YES;
				CLANG_WARN_OBJC_IMPLICIT_RETAIN_SELF = YES;
				CLANG_WARN_OBJC_LITERAL_CONVERSION = YES;
				CLANG_WARN_OBJC_ROOT_CLASS = YES_ERROR;
				CLANG_WARN_RANGE_LOOP_ANALYSIS = YES;
				CLANG_WARN_STRICT_PROTOTYPES = YES;
				CLANG_WARN_SUSPICIOUS_MOVE = YES;
				CLANG_WARN_UNGUARDED_AVAILABILITY = YES_AGGRESSIVE;
				CLANG_WARN_UNREACHABLE_CODE = YES;
				CLANG_WARN__DUPLICATE_METHOD_MATCH = YES;
				CODE_SIGN_IDENTITY = "iPhone Developer";
				COPY_PHASE_STRIP = NO;
				DEBUG_INFORMATION_FORMAT = "dwarf-with-dsym";
				ENABLE_NS_ASSERTIONS = NO;
				ENABLE_STRICT_OBJC_MSGSEND = YES;
				GCC_C_LANGUAGE_STANDARD = gnu11;
				GCC_NO_COMMON_BLOCKS = YES;
				GCC_WARN_64_TO_32_BIT_CONVERSION = YES;
				GCC_WARN_ABOUT_RETURN_TYPE = YES_ERROR;
				GCC_WARN_UNDECLARED_SELECTOR = YES;
				GCC_WARN_UNINITIALIZED_AUTOS = YES_AGGRESSIVE;
				GCC_WARN_UNUSED_FUNCTION = YES;
				GCC_WARN_UNUSED_VARIABLE = YES;
				IPHONEOS_DEPLOYMENT_TARGET = 11.4;
				MTL_ENABLE_DEBUG_INFO = NO;
				SDKROOT = iphoneos;
				SWIFT_COMPILATION_MODE = wholemodule;
				SWIFT_OPTIMIZATION_LEVEL = "-O";
				VALIDATE_PRODUCT = YES;
			};
			name = Release;
		};
		8B657CC12124EE7700CD156A /* Debug */ = {
			isa = XCBuildConfiguration;
			buildSettings = {
				ASSETCATALOG_COMPILER_APPICON_NAME = AppIcon;
				CODE_SIGN_STYLE = Automatic;
				DEVELOPMENT_TEAM = 8V82Y89UHU;
				INFOPLIST_FILE = Calculator/Info.plist;
				LD_RUNPATH_SEARCH_PATHS = (
					"$(inherited)",
					"@executable_path/Frameworks",
				);
				PRODUCT_BUNDLE_IDENTIFIER = com.clipapp.icalculator;
				PRODUCT_NAME = "$(TARGET_NAME)";
				SWIFT_VERSION = 4.0;
				TARGETED_DEVICE_FAMILY = "1,2";
			};
			name = Debug;
		};
		8B657CC22124EE7700CD156A /* Release */ = {
			isa = XCBuildConfiguration;
			buildSettings = {
				ASSETCATALOG_COMPILER_APPICON_NAME = AppIcon;
				CODE_SIGN_STYLE = Automatic;
				DEVELOPMENT_TEAM = 8V82Y89UHU;
				INFOPLIST_FILE = Calculator/Info.plist;
				LD_RUNPATH_SEARCH_PATHS = (
					"$(inherited)",
					"@executable_path/Frameworks",
				);
				PRODUCT_BUNDLE_IDENTIFIER = com.clipapp.icalculator;
				PRODUCT_NAME = "$(TARGET_NAME)";
				SWIFT_VERSION = 4.0;
				TARGETED_DEVICE_FAMILY = "1,2";
			};
			name = Release;
		};
		8B657CC42124EE7700CD156A /* Debug */ = {
			isa = XCBuildConfiguration;
			buildSettings = {
				ALWAYS_EMBED_SWIFT_STANDARD_LIBRARIES = YES;
				BUNDLE_LOADER = "$(TEST_HOST)";
				CODE_SIGN_STYLE = Automatic;
				INFOPLIST_FILE = CalculatorTests/Info.plist;
				LD_RUNPATH_SEARCH_PATHS = (
					"$(inherited)",
					"@executable_path/Frameworks",
					"@loader_path/Frameworks",
				);
				PRODUCT_BUNDLE_IDENTIFIER = clipapp.CalculatorTests;
				PRODUCT_NAME = "$(TARGET_NAME)";
				SWIFT_VERSION = 4.0;
				TARGETED_DEVICE_FAMILY = "1,2";
				TEST_HOST = "$(BUILT_PRODUCTS_DIR)/Calculator.app/Calculator";
			};
			name = Debug;
		};
		8B657CC52124EE7700CD156A /* Release */ = {
			isa = XCBuildConfiguration;
			buildSettings = {
				ALWAYS_EMBED_SWIFT_STANDARD_LIBRARIES = YES;
				BUNDLE_LOADER = "$(TEST_HOST)";
				CODE_SIGN_STYLE = Automatic;
				INFOPLIST_FILE = CalculatorTests/Info.plist;
				LD_RUNPATH_SEARCH_PATHS = (
					"$(inherited)",
					"@executable_path/Frameworks",
					"@loader_path/Frameworks",
				);
				PRODUCT_BUNDLE_IDENTIFIER = clipapp.CalculatorTests;
				PRODUCT_NAME = "$(TARGET_NAME)";
				SWIFT_VERSION = 4.0;
				TARGETED_DEVICE_FAMILY = "1,2";
				TEST_HOST = "$(BUILT_PRODUCTS_DIR)/Calculator.app/Calculator";
			};
			name = Release;
		};
		8B657CC72124EE7700CD156A /* Debug */ = {
			isa = XCBuildConfiguration;
			buildSettings = {
				ALWAYS_EMBED_SWIFT_STANDARD_LIBRARIES = YES;
				CODE_SIGN_STYLE = Automatic;
				INFOPLIST_FILE = CalculatorUITests/Info.plist;
				LD_RUNPATH_SEARCH_PATHS = (
					"$(inherited)",
					"@executable_path/Frameworks",
					"@loader_path/Frameworks",
				);
				PRODUCT_BUNDLE_IDENTIFIER = clipapp.CalculatorUITests;
				PRODUCT_NAME = "$(TARGET_NAME)";
				SWIFT_VERSION = 4.0;
				TARGETED_DEVICE_FAMILY = "1,2";
				TEST_TARGET_NAME = Calculator;
			};
			name = Debug;
		};
		8B657CC82124EE7700CD156A /* Release */ = {
			isa = XCBuildConfiguration;
			buildSettings = {
				ALWAYS_EMBED_SWIFT_STANDARD_LIBRARIES = YES;
				CODE_SIGN_STYLE = Automatic;
				INFOPLIST_FILE = CalculatorUITests/Info.plist;
				LD_RUNPATH_SEARCH_PATHS = (
					"$(inherited)",
					"@executable_path/Frameworks",
					"@loader_path/Frameworks",
				);
				PRODUCT_BUNDLE_IDENTIFIER = clipapp.CalculatorUITests;
				PRODUCT_NAME = "$(TARGET_NAME)";
				SWIFT_VERSION = 4.0;
				TARGETED_DEVICE_FAMILY = "1,2";
				TEST_TARGET_NAME = Calculator;
			};
			name = Release;
		};
/* End XCBuildConfiguration section */

/* Begin XCConfigurationList section */
		8B657C932124EE7600CD156A /* Build configuration list for PBXProject "Calculator" */ = {
			isa = XCConfigurationList;
			buildConfigurations = (
				8B657CBE2124EE7700CD156A /* Debug */,
				8B657CBF2124EE7700CD156A /* Release */,
			);
			defaultConfigurationIsVisible = 0;
			defaultConfigurationName = Release;
		};
		8B657CC02124EE7700CD156A /* Build configuration list for PBXNativeTarget "Calculator" */ = {
			isa = XCConfigurationList;
			buildConfigurations = (
				8B657CC12124EE7700CD156A /* Debug */,
				8B657CC22124EE7700CD156A /* Release */,
			);
			defaultConfigurationIsVisible = 0;
			defaultConfigurationName = Release;
		};
		8B657CC32124EE7700CD156A /* Build configuration list for PBXNativeTarget "CalculatorTests" */ = {
			isa = XCConfigurationList;
			buildConfigurations = (
				8B657CC42124EE7700CD156A /* Debug */,
				8B657CC52124EE7700CD156A /* Release */,
			);
			defaultConfigurationIsVisible = 0;
			defaultConfigurationName = Release;
		};
		8B657CC62124EE7700CD156A /* Build configuration list for PBXNativeTarget "CalculatorUITests" */ = {
			isa = XCConfigurationList;
			buildConfigurations = (
				8B657CC72124EE7700CD156A /* Debug */,
				8B657CC82124EE7700CD156A /* Release */,
			);
			defaultConfigurationIsVisible = 0;
			defaultConfigurationName = Release;
		};
/* End XCConfigurationList section */
	};
	rootObject = 8B657C902124EE7600CD156A /* Project object */;
}
